{
  "name": "enjoy-plus",
  "version": "1.0.0",
  "lockfileVersion": 1,
  "requires": true,
  "dependencies": {
    "wechat-http": {
      "version": "0.0.8",
      "resolved": "https://registry.npmmirror.com/wechat-http/-/wechat-http-0.0.8.tgz",
      "integrity": "sha512-spvBIryhWCJHktZxKju78pr6qOSL77LMZx12Z8c8P6DArOk8+C/19IcsvX4brxJT1/57dr2Y9WdLtF/bNxyFGA=="
    }
  }
}
